// !$*UTF8*$!
{
	archiveVersion = 1;
	classes = {
	};
	objectVersion = 46;
	objects = {

/* Begin PBXBuildFile section */
		182BC7931A695DCB004D38FE /* CollectionViewController.m in Sources */ = {isa = PBXBuildFile; fileRef = 182BC7921A695DCB004D38FE /* CollectionViewController.m */; };
		182BC7961A695E2A004D38FE /* CollectionViewCell.m in Sources */ = {isa = PBXBuildFile; fileRef = 182BC7951A695E2A004D38FE /* CollectionViewCell.m */; };
		1855CE311A6D4E62002823EC /* PinchLayout.m in Sources */ = {isa = PBXBuildFile; fileRef = 1855CE301A6D4E62002823EC /* PinchLayout.m */; };
		18B2571E1A69687600316261 /* Reveal.framework in Frameworks */ = {isa = PBXBuildFile; fileRef = 18B2571D1A69687600316261 /* Reveal.framework */; };
		18B257211A6970AF00316261 /* SingleCollectionLayout.m in Sources */ = {isa = PBXBuildFile; fileRef = 18B257201A6970AF00316261 /* SingleCollectionLayout.m */; };
		D6A32AC11A689D81007BA0C3 /* main.m in Sources */ = {isa = PBXBuildFile; fileRef = D6A32AC01A689D81007BA0C3 /* main.m */; };
		D6A32AC41A689D81007BA0C3 /* AppDelegate.m in Sources */ = {isa = PBXBuildFile; fileRef = D6A32AC31A689D81007BA0C3 /* AppDelegate.m */; };
		D6A32AC71A689D81007BA0C3 /* ViewController.m in Sources */ = {isa = PBXBuildFile; fileRef = D6A32AC61A689D81007BA0C3 /* ViewController.m */; };
		D6A32ACA1A689D81007BA0C3 /* Main.storyboard in Resources */ = {isa = PBXBuildFile; fileRef = D6A32AC81A689D81007BA0C3 /* Main.storyboard */; };
		D6A32ACC1A689D81007BA0C3 /* Images.xcassets in Resources */ = {isa = PBXBuildFile; fileRef = D6A32ACB1A689D81007BA0C3 /* Images.xcassets */; };
		D6A32ACF1A689D81007BA0C3 /* LaunchScreen.xib in Resources */ = {isa = PBXBuildFile; fileRef = D6A32ACD1A689D81007BA0C3 /* LaunchScreen.xib */; };
		D6A32ADB1A689D81007BA0C3 /* PracticeDemoTests.m in Sources */ = {isa = PBXBuildFile; fileRef = D6A32ADA1A689D81007BA0C3 /* PracticeDemoTests.m */; };
/* End PBXBuildFile section */

/* Begin PBXContainerItemProxy section */
		D6A32AD51A689D81007BA0C3 /* PBXContainerItemProxy */ = {
			isa = PBXContainerItemProxy;
			containerPortal = D6A32AB31A689D81007BA0C3 /* Project object */;
			proxyType = 1;
			remoteGlobalIDString = D6A32ABA1A689D81007BA0C3;
			remoteInfo = PracticeDemo;
		};
/* End PBXContainerItemProxy section */

/* Begin PBXFileReference section */
		182BC7911A695DCB004D38FE /* CollectionViewController.h */ = {isa = PBXFileReference; fileEncoding = 4; lastKnownFileType = sourcecode.c.h; name = CollectionViewController.h; path = collectionView/CollectionViewController.h; sourceTree = "<group>"; };
		182BC7921A695DCB004D38FE /* CollectionViewController.m */ = {isa = PBXFileReference; fileEncoding = 4; lastKnownFileType = sourcecode.c.objc; name = CollectionViewController.m; path = collectionView/CollectionViewController.m; sourceTree = "<group>"; };
		182BC7941A695E2A004D38FE /* CollectionViewCell.h */ = {isa = PBXFileReference; fileEncoding = 4; lastKnownFileType = sourcecode.c.h; name = CollectionViewCell.h; path = collectionView/CollectionViewCell.h; sourceTree = "<group>"; };
		182BC7951A695E2A004D38FE /* CollectionViewCell.m */ = {isa = PBXFileReference; fileEncoding = 4; lastKnownFileType = sourcecode.c.objc; name = CollectionViewCell.m; path = collectionView/CollectionViewCell.m; sourceTree = "<group>"; };
		1855CE2F1A6D4E62002823EC /* PinchLayout.h */ = {isa = PBXFileReference; fileEncoding = 4; lastKnownFileType = sourcecode.c.h; path = PinchLayout.h; sourceTree = "<group>"; };
		1855CE301A6D4E62002823EC /* PinchLayout.m */ = {isa = PBXFileReference; fileEncoding = 4; lastKnownFileType = sourcecode.c.objc; path = PinchLayout.m; sourceTree = "<group>"; };
		18B2571D1A69687600316261 /* Reveal.framework */ = {isa = PBXFileReference; lastKnownFileType = wrapper.framework; path = Reveal.framework; sourceTree = "<group>"; };
		18B2571F1A6970AF00316261 /* SingleCollectionLayout.h */ = {isa = PBXFileReference; fileEncoding = 4; lastKnownFileType = sourcecode.c.h; name = SingleCollectionLayout.h; path = collectionView/SingleCollectionLayout.h; sourceTree = "<group>"; };
		18B257201A6970AF00316261 /* SingleCollectionLayout.m */ = {isa = PBXFileReference; fileEncoding = 4; lastKnownFileType = sourcecode.c.objc; name = SingleCollectionLayout.m; path = collectionView/SingleCollectionLayout.m; sourceTree = "<group>"; };
		D6A32ABB1A689D81007BA0C3 /* PracticeDemo.app */ = {isa = PBXFileReference; explicitFileType = wrapper.application; includeInIndex = 0; path = PracticeDemo.app; sourceTree = BUILT_PRODUCTS_DIR; };
		D6A32ABF1A689D81007BA0C3 /* Info.plist */ = {isa = PBXFileReference; lastKnownFileType = text.plist.xml; path = Info.plist; sourceTree = "<group>"; };
		D6A32AC01A689D81007BA0C3 /* main.m */ = {isa = PBXFileReference; lastKnownFileType = sourcecode.c.objc; path = main.m; sourceTree = "<group>"; };
		D6A32AC21A689D81007BA0C3 /* AppDelegate.h */ = {isa = PBXFileReference; lastKnownFileType = sourcecode.c.h; path = AppDelegate.h; sourceTree = "<group>"; };
		D6A32AC31A689D81007BA0C3 /* AppDelegate.m */ = {isa = PBXFileReference; lastKnownFileType = sourcecode.c.objc; path = AppDelegate.m; sourceTree = "<group>"; };
		D6A32AC51A689D81007BA0C3 /* ViewController.h */ = {isa = PBXFileReference; lastKnownFileType = sourcecode.c.h; path = ViewController.h; sourceTree = "<group>"; };
		D6A32AC61A689D81007BA0C3 /* ViewController.m */ = {isa = PBXFileReference; lastKnownFileType = sourcecode.c.objc; path = ViewController.m; sourceTree = "<group>"; };
		D6A32AC91A689D81007BA0C3 /* Base */ = {isa = PBXFileReference; lastKnownFileType = file.storyboard; name = Base; path = Base.lproj/Main.storyboard; sourceTree = "<group>"; };
		D6A32ACB1A689D81007BA0C3 /* Images.xcassets */ = {isa = PBXFileReference; lastKnownFileType = folder.assetcatalog; path = Images.xcassets; sourceTree = "<group>"; };
		D6A32ACE1A689D81007BA0C3 /* Base */ = {isa = PBXFileReference; lastKnownFileType = file.xib; name = Base; path = Base.lproj/LaunchScreen.xib; sourceTree = "<group>"; };
		D6A32AD41A689D81007BA0C3 /* PracticeDemoTests.xctest */ = {isa = PBXFileReference; explicitFileType = wrapper.cfbundle; includeInIndex = 0; path = PracticeDemoTests.xctest; sourceTree = BUILT_PRODUCTS_DIR; };
		D6A32AD91A689D81007BA0C3 /* Info.plist */ = {isa = PBXFileReference; lastKnownFileType = text.plist.xml; path = Info.plist; sourceTree = "<group>"; };
		D6A32ADA1A689D81007BA0C3 /* PracticeDemoTests.m */ = {isa = PBXFileReference; lastKnownFileType = sourcecode.c.objc; path = PracticeDemoTests.m; sourceTree = "<group>"; };
/* End PBXFileReference section */

/* Begin PBXFrameworksBuildPhase section */
		D6A32AB81A689D81007BA0C3 /* Frameworks */ = {
			isa = PBXFrameworksBuildPhase;
			buildActionMask = 2147483647;
			files = (
				18B2571E1A69687600316261 /* Reveal.framework in Frameworks */,
			);
			runOnlyForDeploymentPostprocessing = 0;
		};
		D6A32AD11A689D81007BA0C3 /* Frameworks */ = {
			isa = PBXFrameworksBuildPhase;
			buildActionMask = 2147483647;
			files = (
			);
			runOnlyForDeploymentPostprocessing = 0;
		};
/* End PBXFrameworksBuildPhase section */

/* Begin PBXGroup section */
		182BC7901A695DA3004D38FE /* collectionView */ = {
			isa = PBXGroup;
			children = (
				182BC7911A695DCB004D38FE /* CollectionViewController.h */,
				182BC7921A695DCB004D38FE /* CollectionViewController.m */,
				18B2571F1A6970AF00316261 /* SingleCollectionLayout.h */,
				18B257201A6970AF00316261 /* SingleCollectionLayout.m */,
				182BC7941A695E2A004D38FE /* CollectionViewCell.h */,
				182BC7951A695E2A004D38FE /* CollectionViewCell.m */,
				1855CE2F1A6D4E62002823EC /* PinchLayout.h */,
				1855CE301A6D4E62002823EC /* PinchLayout.m */,
			);
			name = collectionView;
			sourceTree = "<group>";
		};
		D6A32AB21A689D81007BA0C3 = {
			isa = PBXGroup;
			children = (
				D6A32ABD1A689D81007BA0C3 /* PracticeDemo */,
				D6A32AD71A689D81007BA0C3 /* PracticeDemoTests */,
				D6A32ABC1A689D81007BA0C3 /* Products */,
			);
			sourceTree = "<group>";
		};
		D6A32ABC1A689D81007BA0C3 /* Products */ = {
			isa = PBXGroup;
			children = (
				D6A32ABB1A689D81007BA0C3 /* PracticeDemo.app */,
				D6A32AD41A689D81007BA0C3 /* PracticeDemoTests.xctest */,
			);
			name = Products;
			sourceTree = "<group>";
		};
		D6A32ABD1A689D81007BA0C3 /* PracticeDemo */ = {
			isa = PBXGroup;
			children = (
				D6A32AC21A689D81007BA0C3 /* AppDelegate.h */,
				D6A32AC31A689D81007BA0C3 /* AppDelegate.m */,
				D6A32AC51A689D81007BA0C3 /* ViewController.h */,
				D6A32AC61A689D81007BA0C3 /* ViewController.m */,
				18B2571D1A69687600316261 /* Reveal.framework */,
				182BC7901A695DA3004D38FE /* collectionView */,
				D6A32AC81A689D81007BA0C3 /* Main.storyboard */,
				D6A32ACB1A689D81007BA0C3 /* Images.xcassets */,
				D6A32ACD1A689D81007BA0C3 /* LaunchScreen.xib */,
				D6A32ABE1A689D81007BA0C3 /* Supporting Files */,
			);
			path = PracticeDemo;
			sourceTree = "<group>";
		};
		D6A32ABE1A689D81007BA0C3 /* Supporting Files */ = {
			isa = PBXGroup;
			children = (
				D6A32ABF1A689D81007BA0C3 /* Info.plist */,
				D6A32AC01A689D81007BA0C3 /* main.m */,
			);
			name = "Supporting Files";
			sourceTree = "<group>";
		};
		D6A32AD71A689D81007BA0C3 /* PracticeDemoTests */ = {
			isa = PBXGroup;
			children = (
				D6A32ADA1A689D81007BA0C3 /* PracticeDemoTests.m */,
				D6A32AD81A689D81007BA0C3 /* Supporting Files */,
			);
			path = PracticeDemoTests;
			sourceTree = "<group>";
		};
		D6A32AD81A689D81007BA0C3 /* Supporting Files */ = {
			isa = PBXGroup;
			children = (
				D6A32AD91A689D81007BA0C3 /* Info.plist */,
			);
			name = "Supporting Files";
			sourceTree = "<group>";
		};
/* End PBXGroup section */

/* Begin PBXNativeTarget section */
		D6A32ABA1A689D81007BA0C3 /* PracticeDemo */ = {
			isa = PBXNativeTarget;
			buildConfigurationList = D6A32ADE1A689D81007BA0C3 /* Build configuration list for PBXNativeTarget "PracticeDemo" */;
			buildPhases = (
				D6A32AB71A689D81007BA0C3 /* Sources */,
				D6A32AB81A689D81007BA0C3 /* Frameworks */,
				D6A32AB91A689D81007BA0C3 /* Resources */,
			);
			buildRules = (
			);
			dependencies = (
			);
			name = PracticeDemo;
			productName = PracticeDemo;
			productReference = D6A32ABB1A689D81007BA0C3 /* PracticeDemo.app */;
			productType = "com.apple.product-type.application";
		};
		D6A32AD31A689D81007BA0C3 /* PracticeDemoTests */ = {
			isa = PBXNativeTarget;
			buildConfigurationList = D6A32AE11A689D81007BA0C3 /* Build configuration list for PBXNativeTarget "PracticeDemoTests" */;
			buildPhases = (
				D6A32AD01A689D81007BA0C3 /* Sources */,
				D6A32AD11A689D81007BA0C3 /* Frameworks */,
				D6A32AD21A689D81007BA0C3 /* Resources */,
			);
			buildRules = (
			);
			dependencies = (
				D6A32AD61A689D81007BA0C3 /* PBXTargetDependency */,
			);
			name = PracticeDemoTests;
			productName = PracticeDemoTests;
			productReference = D6A32AD41A689D81007BA0C3 /* PracticeDemoTests.xctest */;
			productType = "com.apple.product-type.bundle.unit-test";
		};
/* End PBXNativeTarget section */

/* Begin PBXProject section */
		D6A32AB31A689D81007BA0C3 /* Project object */ = {
			isa = PBXProject;
			attributes = {
				LastUpgradeCheck = 0610;
				ORGANIZATIONNAME = 345;
				TargetAttributes = {
					D6A32ABA1A689D81007BA0C3 = {
						CreatedOnToolsVersion = 6.1.1;
					};
					D6A32AD31A689D81007BA0C3 = {
						CreatedOnToolsVersion = 6.1.1;
						TestTargetID = D6A32ABA1A689D81007BA0C3;
					};
				};
			};
			buildConfigurationList = D6A32AB61A689D81007BA0C3 /* Build configuration list for PBXProject "PracticeDemo" */;
			compatibilityVersion = "Xcode 3.2";
			developmentRegion = English;
			hasScannedForEncodings = 0;
			knownRegions = (
				en,
				Base,
			);
			mainGroup = D6A32AB21A689D81007BA0C3;
			productRefGroup = D6A32ABC1A689D81007BA0C3 /* Products */;
			projectDirPath = "";
			projectRoot = "";
			targets = (
				D6A32ABA1A689D81007BA0C3 /* PracticeDemo */,
				D6A32AD31A689D81007BA0C3 /* PracticeDemoTests */,
			);
		};
/* End PBXProject section */

/* Begin PBXResourcesBuildPhase section */
		D6A32AB91A689D81007BA0C3 /* Resources */ = {
			isa = PBXResourcesBuildPhase;
			buildActionMask = 2147483647;
			files = (
				D6A32ACA1A689D81007BA0C3 /* Main.storyboard in Resources */,
				D6A32ACF1A689D81007BA0C3 /* LaunchScreen.xib in Resources */,
				D6A32ACC1A689D81007BA0C3 /* Images.xcassets in Resources */,
			);
			runOnlyForDeploymentPostprocessing = 0;
		};
		D6A32AD21A689D81007BA0C3 /* Resources */ = {
			isa = PBXResourcesBuildPhase;
			buildActionMask = 2147483647;
			files = (
			);
			runOnlyForDeploymentPostprocessing = 0;
		};
/* End PBXResourcesBuildPhase section */

/* Begin PBXSourcesBuildPhase section */
		D6A32AB71A689D81007BA0C3 /* Sources */ = {
			isa = PBXSourcesBuildPhase;
			buildActionMask = 2147483647;
			files = (
				182BC7931A695DCB004D38FE /* CollectionViewController.m in Sources */,
				182BC7961A695E2A004D38FE /* CollectionViewCell.m in Sources */,
				D6A32AC71A689D81007BA0C3 /* ViewController.m in Sources */,
				1855CE311A6D4E62002823EC /* PinchLayout.m in Sources */,
				18B257211A6970AF00316261 /* SingleCollectionLayout.m in Sources */,
				D6A32AC41A689D81007BA0C3 /* AppDelegate.m in Sources */,
				D6A32AC11A689D81007BA0C3 /* main.m in Sources */,
			);
			runOnlyForDeploymentPostprocessing = 0;
		};
		D6A32AD01A689D81007BA0C3 /* Sources */ = {
			isa = PBXSourcesBuildPhase;
			buildActionMask = 2147483647;
			files = (
				D6A32ADB1A689D81007BA0C3 /* PracticeDemoTests.m in Sources */,
			);
			runOnlyForDeploymentPostprocessing = 0;
		};
/* End PBXSourcesBuildPhase section */

/* Begin PBXTargetDependency section */
		D6A32AD61A689D81007BA0C3 /* PBXTargetDependency */ = {
			isa = PBXTargetDependency;
			target = D6A32ABA1A689D81007BA0C3 /* PracticeDemo */;
			targetProxy = D6A32AD51A689D81007BA0C3 /* PBXContainerItemProxy */;
		};
/* End PBXTargetDependency section */

/* Begin PBXVariantGroup section */
		D6A32AC81A689D81007BA0C3 /* Main.storyboard */ = {
			isa = PBXVariantGroup;
			children = (
				D6A32AC91A689D81007BA0C3 /* Base */,
			);
			name = Main.storyboard;
			sourceTree = "<group>";
		};
		D6A32ACD1A689D81007BA0C3 /* LaunchScreen.xib */ = {
			isa = PBXVariantGroup;
			children = (
				D6A32ACE1A689D81007BA0C3 /* Base */,
			);
			name = LaunchScreen.xib;
			sourceTree = "<group>";
		};
/* End PBXVariantGroup section */

/* Begin XCBuildConfiguration section */
		D6A32ADC1A689D81007BA0C3 /* Debug */ = {
			isa = XCBuildConfiguration;
			buildSettings = {
				ALWAYS_SEARCH_USER_PATHS = NO;
				CLANG_CXX_LANGUAGE_STANDARD = "gnu++0x";
				CLANG_CXX_LIBRARY = "libc++";
				CLANG_ENABLE_MODULES = YES;
				CLANG_ENABLE_OBJC_ARC = YES;
				CLANG_WARN_BOOL_CONVERSION = YES;
				CLANG_WARN_CONSTANT_CONVERSION = YES;
				CLANG_WARN_DIRECT_OBJC_ISA_USAGE = YES_ERROR;
				CLANG_WARN_EMPTY_BODY = YES;
				CLANG_WARN_ENUM_CONVERSION = YES;
				CLANG_WARN_INT_CONVERSION = YES;
				CLANG_WARN_OBJC_ROOT_CLASS = YES_ERROR;
				CLANG_WARN_UNREACHABLE_CODE = YES;
				CLANG_WARN__DUPLICATE_METHOD_MATCH = YES;
				"CODE_SIGN_IDENTITY[sdk=iphoneos*]" = "iPhone Developer";
				COPY_PHASE_STRIP = NO;
				ENABLE_STRICT_OBJC_MSGSEND = YES;
				GCC_C_LANGUAGE_STANDARD = gnu99;
				GCC_DYNAMIC_NO_PIC = NO;
				GCC_OPTIMIZATION_LEVEL = 0;
				GCC_PREPROCESSOR_DEFINITIONS = (
					"DEBUG=1",
					"$(inherited)",
				);
				GCC_SYMBOLS_PRIVATE_EXTERN = NO;
				GCC_WARN_64_TO_32_BIT_CONVERSION = YES;
				GCC_WARN_ABOUT_RETURN_TYPE = YES_ERROR;
				GCC_WARN_UNDECLARED_SELECTOR = YES;
				GCC_WARN_UNINITIALIZED_AUTOS = YES_AGGRESSIVE;
				GCC_WARN_UNUSED_FUNCTION = YES;
				GCC_WARN_UNUSED_VARIABLE = YES;
				IPHONEOS_DEPLOYMENT_TARGET = 8.1;
				MTL_ENABLE_DEBUG_INFO = YES;
				ONLY_ACTIVE_ARCH = YES;
				SDKROOT = iphoneos;
				TARGETED_DEVICE_FAMILY = "1,2";
			};
			name = Debug;
		};
		D6A32ADD1A689D81007BA0C3 /* Release */ = {
			isa = XCBuildConfiguration;
			buildSettings = {
				ALWAYS_SEARCH_USER_PATHS = NO;
				CLANG_CXX_LANGUAGE_STANDARD = "gnu++0x";
				CLANG_CXX_LIBRARY = "libc++";
				CLANG_ENABLE_MODULES = YES;
				CLANG_ENABLE_OBJC_ARC = YES;
				CLANG_WARN_BOOL_CONVERSION = YES;
				CLANG_WARN_CONSTANT_CONVERSION = YES;
				CLANG_WARN_DIRECT_OBJC_ISA_USAGE = YES_ERROR;
				CLANG_WARN_EMPTY_BODY = YES;
				CLANG_WARN_ENUM_CONVERSION = YES;
				CLANG_WARN_INT_CONVERSION = YES;
				CLANG_WARN_OBJC_ROOT_CLASS = YES_ERROR;
				CLANG_WARN_UNREACHABLE_CODE = YES;
				CLANG_WARN__DUPLICATE_METHOD_MATCH = YES;
				"CODE_SIGN_IDENTITY[sdk=iphoneos*]" = "iPhone Developer";
				COPY_PHASE_STRIP = YES;
				ENABLE_NS_ASSERTIONS = NO;
				ENABLE_STRICT_OBJC_MSGSEND = YES;
				GCC_C_LANGUAGE_STANDARD = gnu99;
				GCC_WARN_64_TO_32_BIT_CONVERSION = YES;
				GCC_WARN_ABOUT_RETURN_TYPE = YES_ERROR;
				GCC_WARN_UNDECLARED_SELECTOR = YES;
				GCC_WARN_UNINITIALIZED_AUTOS = YES_AGGRESSIVE;
				GCC_WARN_UNUSED_FUNCTION = YES;
				GCC_WARN_UNUSED_VARIABLE = YES;
				IPHONEOS_DEPLOYMENT_TARGET = 8.1;
				MTL_ENABLE_DEBUG_INFO = NO;
				SDKROOT = iphoneos;
				TARGETED_DEVICE_FAMILY = "1,2";
				VALIDATE_PRODUCT = YES;
			};
			name = Release;
		};
		D6A32ADF1A689D81007BA0C3 /* Debug */ = {
			isa = XCBuildConfiguration;
			buildSettings = {
				ASSETCATALOG_COMPILER_APPICON_NAME = AppIcon;
				ASSETCATALOG_COMPILER_LAUNCHIMAGE_NAME = LaunchImage;
				FRAMEWORK_SEARCH_PATHS = (
					"$(inherited)",
					"$(PROJECT_DIR)/PracticeDemo",
				);
				INFOPLIST_FILE = PracticeDemo/Info.plist;
				LD_RUNPATH_SEARCH_PATHS = "$(inherited) @executable_path/Frameworks";
				OTHER_CODE_SIGN_FLAGS = "";
				OTHER_LDFLAGS = "-ObjC";
				PRODUCT_NAME = "$(TARGET_NAME)";
			};
			name = Debug;
		};
		D6A32AE01A689D81007BA0C3 /* Release */ = {
			isa = XCBuildConfiguration;
			buildSettings = {
				ASSETCATALOG_COMPILER_APPICON_NAME = AppIcon;
				ASSETCATALOG_COMPILER_LAUNCHIMAGE_NAME = LaunchImage;
				FRAMEWORK_SEARCH_PATHS = (
					"$(inherited)",
					"$(PROJECT_DIR)/PracticeDemo",
				);
				INFOPLIST_FILE = PracticeDemo/Info.plist;
				LD_RUNPATH_SEARCH_PATHS = "$(inherited) @executable_path/Frameworks";
				OTHER_CODE_SIGN_FLAGS = "";
				OTHER_LDFLAGS = "";
				PRODUCT_NAME = "$(TARGET_NAME)";
			};
			name = Release;
		};
		D6A32AE21A689D81007BA0C3 /* Debug */ = {
			isa = XCBuildConfiguration;
			buildSettings = {
				BUNDLE_LOADER = "$(TEST_HOST)";
				FRAMEWORK_SEARCH_PATHS = (
					"$(SDKROOT)/Developer/Library/Frameworks",
					"$(inherited)",
				);
				GCC_PREPROCESSOR_DEFINITIONS = (
					"DEBUG=1",
					"$(inherited)",
				);
				INFOPLIST_FILE = PracticeDemoTests/Info.plist;
				LD_RUNPATH_SEARCH_PATHS = "$(inherited) @executable_path/Frameworks @loader_path/Frameworks";
				PRODUCT_NAME = "$(TARGET_NAME)";
				TEST_HOST = "$(BUILT_PRODUCTS_DIR)/PracticeDemo.app/PracticeDemo";
			};
			name = Debug;
		};
		D6A32AE31A689D81007BA0C3 /* Release */ = {
			isa = XCBuildConfiguration;
			buildSettings = {
				BUNDLE_LOADER = "$(TEST_HOST)";
				FRAMEWORK_SEARCH_PATHS = (
					"$(SDKROOT)/Developer/Library/Frameworks",
					"$(inherited)",
				);
				INFOPLIST_FILE = PracticeDemoTests/Info.plist;
				LD_RUNPATH_SEARCH_PATHS = "$(inherited) @executable_path/Frameworks @loader_path/Frameworks";
				PRODUCT_NAME = "$(TARGET_NAME)";
				TEST_HOST = "$(BUILT_PRODUCTS_DIR)/PracticeDemo.app/PracticeDemo";
			};
			name = Release;
		};
/* End XCBuildConfiguration section */

/* Begin XCConfigurationList section */
		D6A32AB61A689D81007BA0C3 /* Build configuration list for PBXProject "PracticeDemo" */ = {
			isa = XCConfigurationList;
			buildConfigurations = (
				D6A32ADC1A689D81007BA0C3 /* Debug */,
				D6A32ADD1A689D81007BA0C3 /* Release */,
			);
			defaultConfigurationIsVisible = 0;
			defaultConfigurationName = Release;
		};
		D6A32ADE1A689D81007BA0C3 /* Build configuration list for PBXNativeTarget "PracticeDemo" */ = {
			isa = XCConfigurationList;
			buildConfigurations = (
				D6A32ADF1A689D81007BA0C3 /* Debug */,
				D6A32AE01A689D81007BA0C3 /* Release */,
			);
			defaultConfigurationIsVisible = 0;
			defaultConfigurationName = Release;
		};
		D6A32AE11A689D81007BA0C3 /* Build configuration list for PBXNativeTarget "PracticeDemoTests" */ = {
			isa = XCConfigurationList;
			buildConfigurations = (
				D6A32AE21A689D81007BA0C3 /* Debug */,
				D6A32AE31A689D81007BA0C3 /* Release */,
			);
			defaultConfigurationIsVisible = 0;
			defaultConfigurationName = Release;
		};
/* End XCConfigurationList section */
	};
	rootObject = D6A32AB31A689D81007BA0C3 /* Project object */;
}
