// !$*UTF8*$!
{
	archiveVersion = 1;
	classes = {
	};
	objectVersion = 46;
	objects = {

/* Begin PBXBuildFile section */
		D65646711A70CE61004E6900 /* main.m in Sources */ = {isa = PBXBuildFile; fileRef = D65646701A70CE61004E6900 /* main.m */; };
		D65646741A70CE61004E6900 /* AppDelegate.m in Sources */ = {isa = PBXBuildFile; fileRef = D65646731A70CE61004E6900 /* AppDelegate.m */; };
		D65646771A70CE61004E6900 /* ViewController.m in Sources */ = {isa = PBXBuildFile; fileRef = D65646761A70CE61004E6900 /* ViewController.m */; };
		D656467A1A70CE61004E6900 /* Main.storyboard in Resources */ = {isa = PBXBuildFile; fileRef = D65646781A70CE61004E6900 /* Main.storyboard */; };
		D656467C1A70CE61004E6900 /* Images.xcassets in Resources */ = {isa = PBXBuildFile; fileRef = D656467B1A70CE61004E6900 /* Images.xcassets */; };
		D656467F1A70CE61004E6900 /* LaunchScreen.xib in Resources */ = {isa = PBXBuildFile; fileRef = D656467D1A70CE61004E6900 /* LaunchScreen.xib */; };
		D656468B1A70CE61004E6900 /* TestTableViewTests.m in Sources */ = {isa = PBXBuildFile; fileRef = D656468A1A70CE61004E6900 /* TestTableViewTests.m */; };
/* End PBXBuildFile section */

/* Begin PBXContainerItemProxy section */
		D65646851A70CE61004E6900 /* PBXContainerItemProxy */ = {
			isa = PBXContainerItemProxy;
			containerPortal = D65646631A70CE60004E6900 /* Project object */;
			proxyType = 1;
			remoteGlobalIDString = D656466A1A70CE60004E6900;
			remoteInfo = TestTableView;
		};
/* End PBXContainerItemProxy section */

/* Begin PBXFileReference section */
		D656466B1A70CE61004E6900 /* TestTableView.app */ = {isa = PBXFileReference; explicitFileType = wrapper.application; includeInIndex = 0; path = TestTableView.app; sourceTree = BUILT_PRODUCTS_DIR; };
		D656466F1A70CE61004E6900 /* Info.plist */ = {isa = PBXFileReference; lastKnownFileType = text.plist.xml; path = Info.plist; sourceTree = "<group>"; };
		D65646701A70CE61004E6900 /* main.m */ = {isa = PBXFileReference; lastKnownFileType = sourcecode.c.objc; path = main.m; sourceTree = "<group>"; };
		D65646721A70CE61004E6900 /* AppDelegate.h */ = {isa = PBXFileReference; lastKnownFileType = sourcecode.c.h; path = AppDelegate.h; sourceTree = "<group>"; };
		D65646731A70CE61004E6900 /* AppDelegate.m */ = {isa = PBXFileReference; lastKnownFileType = sourcecode.c.objc; path = AppDelegate.m; sourceTree = "<group>"; };
		D65646751A70CE61004E6900 /* ViewController.h */ = {isa = PBXFileReference; lastKnownFileType = sourcecode.c.h; path = ViewController.h; sourceTree = "<group>"; };
		D65646761A70CE61004E6900 /* ViewController.m */ = {isa = PBXFileReference; lastKnownFileType = sourcecode.c.objc; path = ViewController.m; sourceTree = "<group>"; };
		D65646791A70CE61004E6900 /* Base */ = {isa = PBXFileReference; lastKnownFileType = file.storyboard; name = Base; path = Base.lproj/Main.storyboard; sourceTree = "<group>"; };
		D656467B1A70CE61004E6900 /* Images.xcassets */ = {isa = PBXFileReference; lastKnownFileType = folder.assetcatalog; path = Images.xcassets; sourceTree = "<group>"; };
		D656467E1A70CE61004E6900 /* Base */ = {isa = PBXFileReference; lastKnownFileType = file.xib; name = Base; path = Base.lproj/LaunchScreen.xib; sourceTree = "<group>"; };
		D65646841A70CE61004E6900 /* TestTableViewTests.xctest */ = {isa = PBXFileReference; explicitFileType = wrapper.cfbundle; includeInIndex = 0; path = TestTableViewTests.xctest; sourceTree = BUILT_PRODUCTS_DIR; };
		D65646891A70CE61004E6900 /* Info.plist */ = {isa = PBXFileReference; lastKnownFileType = text.plist.xml; path = Info.plist; sourceTree = "<group>"; };
		D656468A1A70CE61004E6900 /* TestTableViewTests.m */ = {isa = PBXFileReference; lastKnownFileType = sourcecode.c.objc; path = TestTableViewTests.m; sourceTree = "<group>"; };
/* End PBXFileReference section */

/* Begin PBXFrameworksBuildPhase section */
		D65646681A70CE60004E6900 /* Frameworks */ = {
			isa = PBXFrameworksBuildPhase;
			buildActionMask = 2147483647;
			files = (
			);
			runOnlyForDeploymentPostprocessing = 0;
		};
		D65646811A70CE61004E6900 /* Frameworks */ = {
			isa = PBXFrameworksBuildPhase;
			buildActionMask = 2147483647;
			files = (
			);
			runOnlyForDeploymentPostprocessing = 0;
		};
/* End PBXFrameworksBuildPhase section */

/* Begin PBXGroup section */
		D65646621A70CE60004E6900 = {
			isa = PBXGroup;
			children = (
				D656466D1A70CE61004E6900 /* TestTableView */,
				D65646871A70CE61004E6900 /* TestTableViewTests */,
				D656466C1A70CE61004E6900 /* Products */,
			);
			sourceTree = "<group>";
		};
		D656466C1A70CE61004E6900 /* Products */ = {
			isa = PBXGroup;
			children = (
				D656466B1A70CE61004E6900 /* TestTableView.app */,
				D65646841A70CE61004E6900 /* TestTableViewTests.xctest */,
			);
			name = Products;
			sourceTree = "<group>";
		};
		D656466D1A70CE61004E6900 /* TestTableView */ = {
			isa = PBXGroup;
			children = (
				D65646721A70CE61004E6900 /* AppDelegate.h */,
				D65646731A70CE61004E6900 /* AppDelegate.m */,
				D65646751A70CE61004E6900 /* ViewController.h */,
				D65646761A70CE61004E6900 /* ViewController.m */,
				D65646781A70CE61004E6900 /* Main.storyboard */,
				D656467B1A70CE61004E6900 /* Images.xcassets */,
				D656467D1A70CE61004E6900 /* LaunchScreen.xib */,
				D656466E1A70CE61004E6900 /* Supporting Files */,
			);
			path = TestTableView;
			sourceTree = "<group>";
		};
		D656466E1A70CE61004E6900 /* Supporting Files */ = {
			isa = PBXGroup;
			children = (
				D656466F1A70CE61004E6900 /* Info.plist */,
				D65646701A70CE61004E6900 /* main.m */,
			);
			name = "Supporting Files";
			sourceTree = "<group>";
		};
		D65646871A70CE61004E6900 /* TestTableViewTests */ = {
			isa = PBXGroup;
			children = (
				D656468A1A70CE61004E6900 /* TestTableViewTests.m */,
				D65646881A70CE61004E6900 /* Supporting Files */,
			);
			path = TestTableViewTests;
			sourceTree = "<group>";
		};
		D65646881A70CE61004E6900 /* Supporting Files */ = {
			isa = PBXGroup;
			children = (
				D65646891A70CE61004E6900 /* Info.plist */,
			);
			name = "Supporting Files";
			sourceTree = "<group>";
		};
/* End PBXGroup section */

/* Begin PBXNativeTarget section */
		D656466A1A70CE60004E6900 /* TestTableView */ = {
			isa = PBXNativeTarget;
			buildConfigurationList = D656468E1A70CE61004E6900 /* Build configuration list for PBXNativeTarget "TestTableView" */;
			buildPhases = (
				D65646671A70CE60004E6900 /* Sources */,
				D65646681A70CE60004E6900 /* Frameworks */,
				D65646691A70CE60004E6900 /* Resources */,
			);
			buildRules = (
			);
			dependencies = (
			);
			name = TestTableView;
			productName = TestTableView;
			productReference = D656466B1A70CE61004E6900 /* TestTableView.app */;
			productType = "com.apple.product-type.application";
		};
		D65646831A70CE61004E6900 /* TestTableViewTests */ = {
			isa = PBXNativeTarget;
			buildConfigurationList = D65646911A70CE61004E6900 /* Build configuration list for PBXNativeTarget "TestTableViewTests" */;
			buildPhases = (
				D65646801A70CE61004E6900 /* Sources */,
				D65646811A70CE61004E6900 /* Frameworks */,
				D65646821A70CE61004E6900 /* Resources */,
			);
			buildRules = (
			);
			dependencies = (
				D65646861A70CE61004E6900 /* PBXTargetDependency */,
			);
			name = TestTableViewTests;
			productName = TestTableViewTests;
			productReference = D65646841A70CE61004E6900 /* TestTableViewTests.xctest */;
			productType = "com.apple.product-type.bundle.unit-test";
		};
/* End PBXNativeTarget section */

/* Begin PBXProject section */
		D65646631A70CE60004E6900 /* Project object */ = {
			isa = PBXProject;
			attributes = {
				LastUpgradeCheck = 0610;
				ORGANIZATIONNAME = 345;
				TargetAttributes = {
					D656466A1A70CE60004E6900 = {
						CreatedOnToolsVersion = 6.1.1;
					};
					D65646831A70CE61004E6900 = {
						CreatedOnToolsVersion = 6.1.1;
						TestTargetID = D656466A1A70CE60004E6900;
					};
				};
			};
			buildConfigurationList = D65646661A70CE60004E6900 /* Build configuration list for PBXProject "TestTableView" */;
			compatibilityVersion = "Xcode 3.2";
			developmentRegion = English;
			hasScannedForEncodings = 0;
			knownRegions = (
				en,
				Base,
			);
			mainGroup = D65646621A70CE60004E6900;
			productRefGroup = D656466C1A70CE61004E6900 /* Products */;
			projectDirPath = "";
			projectRoot = "";
			targets = (
				D656466A1A70CE60004E6900 /* TestTableView */,
				D65646831A70CE61004E6900 /* TestTableViewTests */,
			);
		};
/* End PBXProject section */

/* Begin PBXResourcesBuildPhase section */
		D65646691A70CE60004E6900 /* Resources */ = {
			isa = PBXResourcesBuildPhase;
			buildActionMask = 2147483647;
			files = (
				D656467A1A70CE61004E6900 /* Main.storyboard in Resources */,
				D656467F1A70CE61004E6900 /* LaunchScreen.xib in Resources */,
				D656467C1A70CE61004E6900 /* Images.xcassets in Resources */,
			);
			runOnlyForDeploymentPostprocessing = 0;
		};
		D65646821A70CE61004E6900 /* Resources */ = {
			isa = PBXResourcesBuildPhase;
			buildActionMask = 2147483647;
			files = (
			);
			runOnlyForDeploymentPostprocessing = 0;
		};
/* End PBXResourcesBuildPhase section */

/* Begin PBXSourcesBuildPhase section */
		D65646671A70CE60004E6900 /* Sources */ = {
			isa = PBXSourcesBuildPhase;
			buildActionMask = 2147483647;
			files = (
				D65646771A70CE61004E6900 /* ViewController.m in Sources */,
				D65646741A70CE61004E6900 /* AppDelegate.m in Sources */,
				D65646711A70CE61004E6900 /* main.m in Sources */,
			);
			runOnlyForDeploymentPostprocessing = 0;
		};
		D65646801A70CE61004E6900 /* Sources */ = {
			isa = PBXSourcesBuildPhase;
			buildActionMask = 2147483647;
			files = (
				D656468B1A70CE61004E6900 /* TestTableViewTests.m in Sources */,
			);
			runOnlyForDeploymentPostprocessing = 0;
		};
/* End PBXSourcesBuildPhase section */

/* Begin PBXTargetDependency section */
		D65646861A70CE61004E6900 /* PBXTargetDependency */ = {
			isa = PBXTargetDependency;
			target = D656466A1A70CE60004E6900 /* TestTableView */;
			targetProxy = D65646851A70CE61004E6900 /* PBXContainerItemProxy */;
		};
/* End PBXTargetDependency section */

/* Begin PBXVariantGroup section */
		D65646781A70CE61004E6900 /* Main.storyboard */ = {
			isa = PBXVariantGroup;
			children = (
				D65646791A70CE61004E6900 /* Base */,
			);
			name = Main.storyboard;
			sourceTree = "<group>";
		};
		D656467D1A70CE61004E6900 /* LaunchScreen.xib */ = {
			isa = PBXVariantGroup;
			children = (
				D656467E1A70CE61004E6900 /* Base */,
			);
			name = LaunchScreen.xib;
			sourceTree = "<group>";
		};
/* End PBXVariantGroup section */

/* Begin XCBuildConfiguration section */
		D656468C1A70CE61004E6900 /* Debug */ = {
			isa = XCBuildConfiguration;
			buildSettings = {
				ALWAYS_SEARCH_USER_PATHS = NO;
				CLANG_CXX_LANGUAGE_STANDARD = "gnu++0x";
				CLANG_CXX_LIBRARY = "libc++";
				CLANG_ENABLE_MODULES = YES;
				CLANG_ENABLE_OBJC_ARC = YES;
				CLANG_WARN_BOOL_CONVERSION = YES;
				CLANG_WARN_CONSTANT_CONVERSION = YES;
				CLANG_WARN_DIRECT_OBJC_ISA_USAGE = YES_ERROR;
				CLANG_WARN_EMPTY_BODY = YES;
				CLANG_WARN_ENUM_CONVERSION = YES;
				CLANG_WARN_INT_CONVERSION = YES;
				CLANG_WARN_OBJC_ROOT_CLASS = YES_ERROR;
				CLANG_WARN_UNREACHABLE_CODE = YES;
				CLANG_WARN__DUPLICATE_METHOD_MATCH = YES;
				"CODE_SIGN_IDENTITY[sdk=iphoneos*]" = "iPhone Developer";
				COPY_PHASE_STRIP = NO;
				ENABLE_STRICT_OBJC_MSGSEND = YES;
				GCC_C_LANGUAGE_STANDARD = gnu99;
				GCC_DYNAMIC_NO_PIC = NO;
				GCC_OPTIMIZATION_LEVEL = 0;
				GCC_PREPROCESSOR_DEFINITIONS = (
					"DEBUG=1",
					"$(inherited)",
				);
				GCC_SYMBOLS_PRIVATE_EXTERN = NO;
				GCC_WARN_64_TO_32_BIT_CONVERSION = YES;
				GCC_WARN_ABOUT_RETURN_TYPE = YES_ERROR;
				GCC_WARN_UNDECLARED_SELECTOR = YES;
				GCC_WARN_UNINITIALIZED_AUTOS = YES_AGGRESSIVE;
				GCC_WARN_UNUSED_FUNCTION = YES;
				GCC_WARN_UNUSED_VARIABLE = YES;
				IPHONEOS_DEPLOYMENT_TARGET = 8.1;
				MTL_ENABLE_DEBUG_INFO = YES;
				ONLY_ACTIVE_ARCH = YES;
				SDKROOT = iphoneos;
				TARGETED_DEVICE_FAMILY = "1,2";
			};
			name = Debug;
		};
		D656468D1A70CE61004E6900 /* Release */ = {
			isa = XCBuildConfiguration;
			buildSettings = {
				ALWAYS_SEARCH_USER_PATHS = NO;
				CLANG_CXX_LANGUAGE_STANDARD = "gnu++0x";
				CLANG_CXX_LIBRARY = "libc++";
				CLANG_ENABLE_MODULES = YES;
				CLANG_ENABLE_OBJC_ARC = YES;
				CLANG_WARN_BOOL_CONVERSION = YES;
				CLANG_WARN_CONSTANT_CONVERSION = YES;
				CLANG_WARN_DIRECT_OBJC_ISA_USAGE = YES_ERROR;
				CLANG_WARN_EMPTY_BODY = YES;
				CLANG_WARN_ENUM_CONVERSION = YES;
				CLANG_WARN_INT_CONVERSION = YES;
				CLANG_WARN_OBJC_ROOT_CLASS = YES_ERROR;
				CLANG_WARN_UNREACHABLE_CODE = YES;
				CLANG_WARN__DUPLICATE_METHOD_MATCH = YES;
				"CODE_SIGN_IDENTITY[sdk=iphoneos*]" = "iPhone Developer";
				COPY_PHASE_STRIP = YES;
				ENABLE_NS_ASSERTIONS = NO;
				ENABLE_STRICT_OBJC_MSGSEND = YES;
				GCC_C_LANGUAGE_STANDARD = gnu99;
				GCC_WARN_64_TO_32_BIT_CONVERSION = YES;
				GCC_WARN_ABOUT_RETURN_TYPE = YES_ERROR;
				GCC_WARN_UNDECLARED_SELECTOR = YES;
				GCC_WARN_UNINITIALIZED_AUTOS = YES_AGGRESSIVE;
				GCC_WARN_UNUSED_FUNCTION = YES;
				GCC_WARN_UNUSED_VARIABLE = YES;
				IPHONEOS_DEPLOYMENT_TARGET = 8.1;
				MTL_ENABLE_DEBUG_INFO = NO;
				SDKROOT = iphoneos;
				TARGETED_DEVICE_FAMILY = "1,2";
				VALIDATE_PRODUCT = YES;
			};
			name = Release;
		};
		D656468F1A70CE61004E6900 /* Debug */ = {
			isa = XCBuildConfiguration;
			buildSettings = {
				ASSETCATALOG_COMPILER_APPICON_NAME = AppIcon;
				INFOPLIST_FILE = TestTableView/Info.plist;
				IPHONEOS_DEPLOYMENT_TARGET = 7.0;
				LD_RUNPATH_SEARCH_PATHS = "$(inherited) @executable_path/Frameworks";
				PRODUCT_NAME = "$(TARGET_NAME)";
			};
			name = Debug;
		};
		D65646901A70CE61004E6900 /* Release */ = {
			isa = XCBuildConfiguration;
			buildSettings = {
				ASSETCATALOG_COMPILER_APPICON_NAME = AppIcon;
				INFOPLIST_FILE = TestTableView/Info.plist;
				IPHONEOS_DEPLOYMENT_TARGET = 7.0;
				LD_RUNPATH_SEARCH_PATHS = "$(inherited) @executable_path/Frameworks";
				PRODUCT_NAME = "$(TARGET_NAME)";
			};
			name = Release;
		};
		D65646921A70CE61004E6900 /* Debug */ = {
			isa = XCBuildConfiguration;
			buildSettings = {
				BUNDLE_LOADER = "$(TEST_HOST)";
				FRAMEWORK_SEARCH_PATHS = (
					"$(SDKROOT)/Developer/Library/Frameworks",
					"$(inherited)",
				);
				GCC_PREPROCESSOR_DEFINITIONS = (
					"DEBUG=1",
					"$(inherited)",
				);
				INFOPLIST_FILE = TestTableViewTests/Info.plist;
				LD_RUNPATH_SEARCH_PATHS = "$(inherited) @executable_path/Frameworks @loader_path/Frameworks";
				PRODUCT_NAME = "$(TARGET_NAME)";
				TEST_HOST = "$(BUILT_PRODUCTS_DIR)/TestTableView.app/TestTableView";
			};
			name = Debug;
		};
		D65646931A70CE61004E6900 /* Release */ = {
			isa = XCBuildConfiguration;
			buildSettings = {
				BUNDLE_LOADER = "$(TEST_HOST)";
				FRAMEWORK_SEARCH_PATHS = (
					"$(SDKROOT)/Developer/Library/Frameworks",
					"$(inherited)",
				);
				INFOPLIST_FILE = TestTableViewTests/Info.plist;
				LD_RUNPATH_SEARCH_PATHS = "$(inherited) @executable_path/Frameworks @loader_path/Frameworks";
				PRODUCT_NAME = "$(TARGET_NAME)";
				TEST_HOST = "$(BUILT_PRODUCTS_DIR)/TestTableView.app/TestTableView";
			};
			name = Release;
		};
/* End XCBuildConfiguration section */

/* Begin XCConfigurationList section */
		D65646661A70CE60004E6900 /* Build configuration list for PBXProject "TestTableView" */ = {
			isa = XCConfigurationList;
			buildConfigurations = (
				D656468C1A70CE61004E6900 /* Debug */,
				D656468D1A70CE61004E6900 /* Release */,
			);
			defaultConfigurationIsVisible = 0;
			defaultConfigurationName = Release;
		};
		D656468E1A70CE61004E6900 /* Build configuration list for PBXNativeTarget "TestTableView" */ = {
			isa = XCConfigurationList;
			buildConfigurations = (
				D656468F1A70CE61004E6900 /* Debug */,
				D65646901A70CE61004E6900 /* Release */,
			);
			defaultConfigurationIsVisible = 0;
		};
		D65646911A70CE61004E6900 /* Build configuration list for PBXNativeTarget "TestTableViewTests" */ = {
			isa = XCConfigurationList;
			buildConfigurations = (
				D65646921A70CE61004E6900 /* Debug */,
				D65646931A70CE61004E6900 /* Release */,
			);
			defaultConfigurationIsVisible = 0;
		};
/* End XCConfigurationList section */
	};
	rootObject = D65646631A70CE60004E6900 /* Project object */;
}
